
Microsoft Visual Studio Solution File, Format Version 12.00
# Visual Studio Version 17
VisualStudioVersion = 17.2.32616.157
MinimumVisualStudioVersion = 10.0.40219.1
Project("{FAE04EC0-301F-11D3-BF4B-00C04F79EFBC}") = "EmpwageComp", "EmpwageComp.csproj", "{5E804703-7B1D-4B0E-83F7-16479EF7AC3D}"
EndProject
Global
	GlobalSection(SolutionConfigurationPlatforms) = preSolution
		Debug|Any CPU = Debug|Any CPU
		Release|Any CPU = Release|Any CPU
	EndGlobalSection
	GlobalSection(ProjectConfigurationPlatforms) = postSolution
		{5E804703-7B1D-4B0E-83F7-16479EF7AC3D}.Debug|Any CPU.ActiveCfg = Debug|Any CPU
		{5E804703-7B1D-4B0E-83F7-16479EF7AC3D}.Debug|Any CPU.Build.0 = Debug|Any CPU
		{5E804703-7B1D-4B0E-83F7-16479EF7AC3D}.Release|Any CPU.ActiveCfg = Release|Any CPU
		{5E804703-7B1D-4B0E-83F7-16479EF7AC3D}.Release|Any CPU.Build.0 = Release|Any CPU
	EndGlobalSection
	GlobalSection(SolutionProperties) = preSolution
		HideSolutionNode = FALSE
	EndGlobalSection
	GlobalSection(ExtensibilityGlobals) = postSolution
		SolutionGuid = {0ADE594A-63F3-4554-B2C8-5166BDF15D3F}
	EndGlobalSection
EndGlobal
